Microsoft Visual Studio Solution File, Format Version 12.00
# Visual Studio Version 17
VisualStudioVersion = 17.5.2.0
MinimumVisualStudioVersion = 10.0.40219.1
Project("{FAE04EC0-301F-11D3-BF4B-00C04F79EFBC}") = "AgendamentoMedico.API", "AgendamentoMedico.API.csproj", "{82F222FC-585B-9ABA-9377-79FE930969E6}"
EndProject
Global
	GlobalSection(SolutionConfigurationPlatforms) = preSolution
		Debug|Any CPU = Debug|Any CPU
		Release|Any CPU = Release|Any CPU
	EndGlobalSection
	GlobalSection(ProjectConfigurationPlatforms) = postSolution
		{82F222FC-585B-9ABA-9377-79FE930969E6}.Debug|Any CPU.ActiveCfg = Debug|Any CPU
		{82F222FC-585B-9ABA-9377-79FE930969E6}.Debug|Any CPU.Build.0 = Debug|Any CPU
		{82F222FC-585B-9ABA-9377-79FE930969E6}.Release|Any CPU.ActiveCfg = Release|Any CPU
		{82F222FC-585B-9ABA-9377-79FE930969E6}.Release|Any CPU.Build.0 = Release|Any CPU
	EndGlobalSection
	GlobalSection(SolutionProperties) = preSolution
		HideSolutionNode = FALSE
	EndGlobalSection
	GlobalSection(ExtensibilityGlobals) = postSolution
		SolutionGuid = {4A6FCA9D-5B9B-4493-90AB-BF17BE8193F4}
	EndGlobalSection
EndGlobal
